<?xml version="1.0" encoding="UTF-8" standalone="yes" ?>
<CodeBlocks_project_file>
	<FileVersion major="1" minor="6" />
	<Project>
		<Option title="MD5 Viewer" />
		<Option pch_mode="2" />
		<Option compiler="gcc" />
		<Build>
			<Target title="Debug">
				<Option output="bin/Debug/MD5 Viewer" prefix_auto="1" extension_auto="1" />
				<Option working_dir="bin/Debug" />
				<Option object_output="obj/Debug/" />
				<Option type="1" />
				<Option compiler="gcc" />
				<Compiler>
					<Add option="-std=c++11" />
					<Add option="-g" />
					<Add directory="../../../../../usr/include/SOIL" />
					<Add directory="external/AntTweakBar/include" />
				</Compiler>
				<Linker>
					<Add option="-lSOIL" />
					<Add option="-lAntTweakBar" />
					<Add directory="external/AntTweakBar/lib" />
				</Linker>
			</Target>
			<Target title="Release">
				<Option output="bin/Release/MD5 Viewer" prefix_auto="1" extension_auto="1" />
				<Option object_output="obj/Release/" />
				<Option type="1" />
				<Option compiler="gcc" />
				<Compiler>
					<Add option="-O2" />
				</Compiler>
				<Linker>
					<Add option="-s" />
				</Linker>
			</Target>
		</Build>
		<Compiler>
			<Add option="-Wall" />
			<Add option="-fexceptions" />
		</Compiler>
		<Unit filename="Helpers.cpp" />
		<Unit filename="Helpers.h" />
		<Unit filename="MD5_Anim.cpp" />
		<Unit filename="MD5_Anim.h" />
		<Unit filename="MD5_Model.cpp" />
		<Unit filename="MD5_Model.h" />
		<Unit filename="camera.h" />
		<Unit filename="main.cpp" />
		<Extensions>
			<code_completion />
			<debugger />
		</Extensions>
	</Project>
</CodeBlocks_project_file>
